
Microsoft Visual Studio Solution File, Format Version 12.00
# Visual Studio Version 16
VisualStudioVersion = 16.0.29728.190
MinimumVisualStudioVersion = 10.0.40219.1
Project("{9A19103F-16F7-4668-BE54-9A1E7A4F7556}") = "DonNetCoreSwagger", "DonNetCoreSwagger\DonNetCoreSwagger.csproj", "{6098EBE4-62CA-4056-A509-9F1EDCA50361}"
EndProject
Project("{9A19103F-16F7-4668-BE54-9A1E7A4F7556}") = "Swashbuckle.AspNetCore.Yaml", "Swashbuckle.AspNetCore.Yaml\Swashbuckle.AspNetCore.Yaml.csproj", "{5D5ACDB2-B772-4936-A325-62E735558AA1}"
EndProject
Global
	GlobalSection(SolutionConfigurationPlatforms) = preSolution
		Debug|Any CPU = Debug|Any CPU
		Release|Any CPU = Release|Any CPU
	EndGlobalSection
	GlobalSection(ProjectConfigurationPlatforms) = postSolution
		{6098EBE4-62CA-4056-A509-9F1EDCA50361}.Debug|Any CPU.ActiveCfg = Debug|Any CPU
		{6098EBE4-62CA-4056-A509-9F1EDCA50361}.Debug|Any CPU.Build.0 = Debug|Any CPU
		{6098EBE4-62CA-4056-A509-9F1EDCA50361}.Release|Any CPU.ActiveCfg = Release|Any CPU
		{6098EBE4-62CA-4056-A509-9F1EDCA50361}.Release|Any CPU.Build.0 = Release|Any CPU
		{5D5ACDB2-B772-4936-A325-62E735558AA1}.Debug|Any CPU.ActiveCfg = Debug|Any CPU
		{5D5ACDB2-B772-4936-A325-62E735558AA1}.Debug|Any CPU.Build.0 = Debug|Any CPU
		{5D5ACDB2-B772-4936-A325-62E735558AA1}.Release|Any CPU.ActiveCfg = Release|Any CPU
		{5D5ACDB2-B772-4936-A325-62E735558AA1}.Release|Any CPU.Build.0 = Release|Any CPU
	EndGlobalSection
	GlobalSection(SolutionProperties) = preSolution
		HideSolutionNode = FALSE
	EndGlobalSection
	GlobalSection(ExtensibilityGlobals) = postSolution
		SolutionGuid = {4DDD5A94-830D-47DA-B473-AF8E158E512E}
	EndGlobalSection
EndGlobal
